
Microsoft Visual Studio Solution File, Format Version 12.00
# Visual Studio Version 16
VisualStudioVersion = 16.0.30503.244
MinimumVisualStudioVersion = 10.0.40219.1
Project("{FAE04EC0-301F-11D3-BF4B-00C04F79EFBC}") = "EmployeeManagement2", "EmployeeManagement2\EmployeeManagement2.csproj", "{AB1571BB-BCC2-4C6E-BF07-7CD8AD2D8391}"
EndProject
Global
	GlobalSection(SolutionConfigurationPlatforms) = preSolution
		Debug|Any CPU = Debug|Any CPU
		Release|Any CPU = Release|Any CPU
	EndGlobalSection
	GlobalSection(ProjectConfigurationPlatforms) = postSolution
		{AB1571BB-BCC2-4C6E-BF07-7CD8AD2D8391}.Debug|Any CPU.ActiveCfg = Debug|Any CPU
		{AB1571BB-BCC2-4C6E-BF07-7CD8AD2D8391}.Debug|Any CPU.Build.0 = Debug|Any CPU
		{AB1571BB-BCC2-4C6E-BF07-7CD8AD2D8391}.Release|Any CPU.ActiveCfg = Release|Any CPU
		{AB1571BB-BCC2-4C6E-BF07-7CD8AD2D8391}.Release|Any CPU.Build.0 = Release|Any CPU
	EndGlobalSection
	GlobalSection(SolutionProperties) = preSolution
		HideSolutionNode = FALSE
	EndGlobalSection
	GlobalSection(ExtensibilityGlobals) = postSolution
		SolutionGuid = {6F0A4C66-B029-4E1C-AAE6-D7852894E978}
	EndGlobalSection
EndGlobal
